
Microsoft Visual Studio Solution File, Format Version 12.00
# Visual Studio Version 16
VisualStudioVersion = 16.0.32802.440
MinimumVisualStudioVersion = 10.0.40219.1
Project("{FAE04EC0-301F-11D3-BF4B-00C04F79EFBC}") = "PR_12", "PR_12.csproj", "{9AB78D17-A0B4-4B0B-801A-B925C78ED536}"
EndProject
Global
	GlobalSection(SolutionConfigurationPlatforms) = preSolution
		Debug|Any CPU = Debug|Any CPU
		Release|Any CPU = Release|Any CPU
	EndGlobalSection
	GlobalSection(ProjectConfigurationPlatforms) = postSolution
		{9AB78D17-A0B4-4B0B-801A-B925C78ED536}.Debug|Any CPU.ActiveCfg = Debug|Any CPU
		{9AB78D17-A0B4-4B0B-801A-B925C78ED536}.Debug|Any CPU.Build.0 = Debug|Any CPU
		{9AB78D17-A0B4-4B0B-801A-B925C78ED536}.Release|Any CPU.ActiveCfg = Release|Any CPU
		{9AB78D17-A0B4-4B0B-801A-B925C78ED536}.Release|Any CPU.Build.0 = Release|Any CPU
	EndGlobalSection
	GlobalSection(SolutionProperties) = preSolution
		HideSolutionNode = FALSE
	EndGlobalSection
	GlobalSection(ExtensibilityGlobals) = postSolution
		SolutionGuid = {DA945F82-2CEA-4C6E-830F-34269BFFAC67}
	EndGlobalSection
EndGlobal
