
Microsoft Visual Studio Solution File, Format Version 12.00
# Visual Studio Version 17
VisualStudioVersion = 17.3.32929.385
MinimumVisualStudioVersion = 10.0.40219.1
Project("{FAE04EC0-301F-11D3-BF4B-00C04F79EFBC}") = "PR_12", "PR_12.csproj", "{2CFD7BBA-889C-41CA-A3DB-134FE69AA013}"
EndProject
Global
	GlobalSection(SolutionConfigurationPlatforms) = preSolution
		Debug|Any CPU = Debug|Any CPU
		Release|Any CPU = Release|Any CPU
	EndGlobalSection
	GlobalSection(ProjectConfigurationPlatforms) = postSolution
		{2CFD7BBA-889C-41CA-A3DB-134FE69AA013}.Debug|Any CPU.ActiveCfg = Debug|Any CPU
		{2CFD7BBA-889C-41CA-A3DB-134FE69AA013}.Debug|Any CPU.Build.0 = Debug|Any CPU
		{2CFD7BBA-889C-41CA-A3DB-134FE69AA013}.Release|Any CPU.ActiveCfg = Release|Any CPU
		{2CFD7BBA-889C-41CA-A3DB-134FE69AA013}.Release|Any CPU.Build.0 = Release|Any CPU
	EndGlobalSection
	GlobalSection(SolutionProperties) = preSolution
		HideSolutionNode = FALSE
	EndGlobalSection
	GlobalSection(ExtensibilityGlobals) = postSolution
		SolutionGuid = {38097B60-D36F-478D-A2DA-9A16FED664BB}
	EndGlobalSection
EndGlobal
